# @generated - this file is auto-generated by `mise lock` https://mise.en.dev/dev-tools/mise-lock.html

[[tools.actionlint]]
version = "1.7.12"
backend = "aqua:rhysd/actionlint"

[tools.actionlint."platforms.linux-arm64"]
checksum = "sha256:325e971b6ba9bfa504672e29be93c24981eeb1c07576d730e9f7c8805afff0c6"
url = "https://github.com/rhysd/actionlint/releases/download/v1.7.12/actionlint_1.7.12_linux_arm64.tar.gz"
provenance = "github-attestations"

[tools.actionlint."platforms.linux-arm64-musl"]
checksum = "sha256:325e971b6ba9bfa504672e29be93c24981eeb1c07576d730e9f7c8805afff0c6"
url = "https://github.com/rhysd/actionlint/releases/download/v1.7.12/actionlint_1.7.12_linux_arm64.tar.gz"
provenance = "github-attestations"

[tools.actionlint."platforms.linux-x64"]
checksum = "sha256:8aca8db96f1b94770f1b0d72b6dddcb1ebb8123cb3712530b08cc387b349a3d8"
url = "https://github.com/rhysd/actionlint/releases/download/v1.7.12/actionlint_1.7.12_linux_amd64.tar.gz"
provenance = "github-attestations"

[tools.actionlint."platforms.linux-x64-musl"]
checksum = "sha256:8aca8db96f1b94770f1b0d72b6dddcb1ebb8123cb3712530b08cc387b349a3d8"
url = "https://github.com/rhysd/actionlint/releases/download/v1.7.12/actionlint_1.7.12_linux_amd64.tar.gz"
provenance = "github-attestations"

[tools.actionlint."platforms.macos-arm64"]
checksum = "sha256:aba9ced2dee8d27fecca3dc7feb1a7f9a52caefa1eb46f3271ea66b6e0e6953f"
url = "https://github.com/rhysd/actionlint/releases/download/v1.7.12/actionlint_1.7.12_darwin_arm64.tar.gz"
provenance = "github-attestations"

[tools.actionlint."platforms.macos-x64"]
checksum = "sha256:5b44c3bc2255115c9b69e30efc0fecdf498fdb63c5d58e17084fd5f16324c644"
url = "https://github.com/rhysd/actionlint/releases/download/v1.7.12/actionlint_1.7.12_darwin_amd64.tar.gz"
provenance = "github-attestations"

[tools.actionlint."platforms.windows-x64"]
checksum = "sha256:6e7241b51e6817ea6a047693d8e6fed13b31819c9a0dd6c5a726e1592d22f6e9"
url = "https://github.com/rhysd/actionlint/releases/download/v1.7.12/actionlint_1.7.12_windows_amd64.zip"
provenance = "github-attestations"

[[tools.go]]
version = "1.26.5"
backend = "core:go"

[tools.go."platforms.linux-arm64"]
checksum = "sha256:fe4789e92b1f33358680864bbe8704289e7bb5fc207d80623c308935bd696d49"
url = "https://dl.google.com/go/go1.26.5.linux-arm64.tar.gz"

[tools.go."platforms.linux-arm64-musl"]
checksum = "sha256:fe4789e92b1f33358680864bbe8704289e7bb5fc207d80623c308935bd696d49"
url = "https://dl.google.com/go/go1.26.5.linux-arm64.tar.gz"

[tools.go."platforms.linux-x64"]
checksum = "sha256:5c2c3b16caefa1d968a94c1daca04a7ca301a496d9b086e17ad77bb81393f053"
url = "https://dl.google.com/go/go1.26.5.linux-amd64.tar.gz"

[tools.go."platforms.linux-x64-musl"]
checksum = "sha256:5c2c3b16caefa1d968a94c1daca04a7ca301a496d9b086e17ad77bb81393f053"
url = "https://dl.google.com/go/go1.26.5.linux-amd64.tar.gz"

[tools.go."platforms.macos-arm64"]
checksum = "sha256:efb87ff28af9a188d0536ef5d42e63dd52ba8263cd7344a993cc48dd11dedb6a"
url = "https://dl.google.com/go/go1.26.5.darwin-arm64.tar.gz"

[tools.go."platforms.macos-x64"]
checksum = "sha256:6231d8d3b8f5552ec6cbf6d685bdd5482e1e703214b120e89b3bf0d7bf1ef725"
url = "https://dl.google.com/go/go1.26.5.darwin-amd64.tar.gz"

[tools.go."platforms.windows-x64"]
checksum = "sha256:97e6b2a833b6d89f9ff17d25419ac0a7e3b482a044e9ab18cdef834bd834fd38"
url = "https://dl.google.com/go/go1.26.5.windows-amd64.zip"

[[tools."go:github.com/go-delve/delve/cmd/dlv"]]
version = "1.27.0"
backend = "go:github.com/go-delve/delve/cmd/dlv"

[[tools.golangci-lint]]
version = "v2.12.2"
backend = "aqua:golangci/golangci-lint"

[tools.golangci-lint."platforms.linux-arm64"]
checksum = "sha256:44cd40a8c76c86755375adfeea52cfd3533cb43d7bd647771e0ae065e166df3a"
url = "https://github.com/golangci/golangci-lint/releases/download/v2.12.2/golangci-lint-2.12.2-linux-arm64.tar.gz"
provenance = "github-attestations"

[tools.golangci-lint."platforms.linux-arm64-musl"]
checksum = "sha256:44cd40a8c76c86755375adfeea52cfd3533cb43d7bd647771e0ae065e166df3a"
url = "https://github.com/golangci/golangci-lint/releases/download/v2.12.2/golangci-lint-2.12.2-linux-arm64.tar.gz"
provenance = "github-attestations"

[tools.golangci-lint."platforms.linux-x64"]
checksum = "sha256:8df580d2670fed8fa984aac0507099af8df275e665215f5c7a2ae3943893a553"
url = "https://github.com/golangci/golangci-lint/releases/download/v2.12.2/golangci-lint-2.12.2-linux-amd64.tar.gz"
provenance = "github-attestations"

[tools.golangci-lint."platforms.linux-x64-musl"]
checksum = "sha256:8df580d2670fed8fa984aac0507099af8df275e665215f5c7a2ae3943893a553"
url = "https://github.com/golangci/golangci-lint/releases/download/v2.12.2/golangci-lint-2.12.2-linux-amd64.tar.gz"
provenance = "github-attestations"

[tools.golangci-lint."platforms.macos-arm64"]
checksum = "sha256:a9c54498731b3128f79e090be6110f3e5fffccc617b08142ed244d4126c73f29"
url = "https://github.com/golangci/golangci-lint/releases/download/v2.12.2/golangci-lint-2.12.2-darwin-arm64.tar.gz"
provenance = "github-attestations"

[tools.golangci-lint."platforms.macos-x64"]
checksum = "sha256:f6f06d94b6241521c53d15450c5209b028270bf966f842afb11c030c79f5bc16"
url = "https://github.com/golangci/golangci-lint/releases/download/v2.12.2/golangci-lint-2.12.2-darwin-amd64.tar.gz"
provenance = "github-attestations"

[tools.golangci-lint."platforms.windows-x64"]
checksum = "sha256:bd42e3ebc8cb4ececb86941983baaf1dc221bbb04d838e94ce63b49cc91e02bb"
url = "https://github.com/golangci/golangci-lint/releases/download/v2.12.2/golangci-lint-2.12.2-windows-amd64.zip"
provenance = "github-attestations"

[[tools.nomad]]
version = "2.0.4"
backend = "aqua:hashicorp/nomad"

[tools.nomad."platforms.linux-arm64"]
checksum = "sha256:406354fcc7cb77d6169cdfec13dc15cd440dd6486f88d10d28c1d3b17a254bea"
url = "https://releases.hashicorp.com/nomad/2.0.4/nomad_2.0.4_linux_arm64.zip"

[tools.nomad."platforms.linux-arm64-musl"]
checksum = "sha256:406354fcc7cb77d6169cdfec13dc15cd440dd6486f88d10d28c1d3b17a254bea"
url = "https://releases.hashicorp.com/nomad/2.0.4/nomad_2.0.4_linux_arm64.zip"

[tools.nomad."platforms.linux-x64"]
checksum = "sha256:f6b0d555f65de7d81ef3274d7d7dfcad6ff24d6e6214a806deb5c50b909e47b7"
url = "https://releases.hashicorp.com/nomad/2.0.4/nomad_2.0.4_linux_amd64.zip"

[tools.nomad."platforms.linux-x64-musl"]
checksum = "sha256:f6b0d555f65de7d81ef3274d7d7dfcad6ff24d6e6214a806deb5c50b909e47b7"
url = "https://releases.hashicorp.com/nomad/2.0.4/nomad_2.0.4_linux_amd64.zip"

[tools.nomad."platforms.macos-arm64"]
checksum = "sha256:ddd9fa6b632f27604f65bf1efe82f9f25f5d7bd49b204a10b5a97c8786595801"
url = "https://releases.hashicorp.com/nomad/2.0.4/nomad_2.0.4_darwin_arm64.zip"

[tools.nomad."platforms.macos-x64"]
checksum = "sha256:65546d1d273723fd347c113dc8b59c695e28d6615d6e3bd7df6d6ee6ef7e9aee"
url = "https://releases.hashicorp.com/nomad/2.0.4/nomad_2.0.4_darwin_amd64.zip"

[tools.nomad."platforms.windows-x64"]
checksum = "sha256:a42709240ed398da7139d9246f6276155339d26ff2990298496661dd20c78f99"
url = "https://releases.hashicorp.com/nomad/2.0.4/nomad_2.0.4_windows_amd64.zip"

[[tools.opa]]
version = "1.18.2"
backend = "aqua:open-policy-agent/opa"

[tools.opa."platforms.linux-arm64"]
checksum = "sha256:9cad2e67d375aded483823349173fe100d9701d37635908edadeb0298603c58c"
url = "https://github.com/open-policy-agent/opa/releases/download/v1.18.2/opa_linux_arm64_static"

[tools.opa."platforms.linux-arm64-musl"]
checksum = "sha256:9cad2e67d375aded483823349173fe100d9701d37635908edadeb0298603c58c"
url = "https://github.com/open-policy-agent/opa/releases/download/v1.18.2/opa_linux_arm64_static"

[tools.opa."platforms.linux-x64"]
checksum = "sha256:9903e5125ac281104f2c4b7371d10cc3b74a98933743fcbfc174f9bf0ab20de8"
url = "https://github.com/open-policy-agent/opa/releases/download/v1.18.2/opa_linux_amd64_static"

[tools.opa."platforms.linux-x64-musl"]
checksum = "sha256:9903e5125ac281104f2c4b7371d10cc3b74a98933743fcbfc174f9bf0ab20de8"
url = "https://github.com/open-policy-agent/opa/releases/download/v1.18.2/opa_linux_amd64_static"

[tools.opa."platforms.macos-arm64"]
checksum = "sha256:3ffa2af6a3b9ccff5d171d061d27990db5ad8cc5c10214c7eeeabc0f29ca11cf"
url = "https://github.com/open-policy-agent/opa/releases/download/v1.18.2/opa_darwin_arm64_static"

[tools.opa."platforms.macos-x64"]
checksum = "sha256:e7090da5f3791c71b74e6f0a5703b37f32ab3eb5916abc227f8da9f6773d44be"
url = "https://github.com/open-policy-agent/opa/releases/download/v1.18.2/opa_darwin_amd64"

[tools.opa."platforms.windows-x64"]
checksum = "sha256:b9022224ee660c87cc35ce957c21c352fa57b267d71fb4e1ce779a38e107c9df"
url = "https://github.com/open-policy-agent/opa/releases/download/v1.18.2/opa_windows_amd64.exe"

[[tools.pre-commit]]
version = "4.6.1"
backend = "aqua:pre-commit/pre-commit"

[tools.pre-commit."platforms.linux-arm64"]
checksum = "sha256:6768cc8f4f810509b9272211c70ef7bb405c52da2ba81b673b2c361a72f1815d"
url = "https://github.com/pre-commit/pre-commit/releases/download/v4.6.1/pre-commit-4.6.1.pyz"

[tools.pre-commit."platforms.linux-arm64-musl"]
checksum = "sha256:6768cc8f4f810509b9272211c70ef7bb405c52da2ba81b673b2c361a72f1815d"
url = "https://github.com/pre-commit/pre-commit/releases/download/v4.6.1/pre-commit-4.6.1.pyz"

[tools.pre-commit."platforms.linux-x64"]
checksum = "sha256:6768cc8f4f810509b9272211c70ef7bb405c52da2ba81b673b2c361a72f1815d"
url = "https://github.com/pre-commit/pre-commit/releases/download/v4.6.1/pre-commit-4.6.1.pyz"

[tools.pre-commit."platforms.linux-x64-musl"]
checksum = "sha256:6768cc8f4f810509b9272211c70ef7bb405c52da2ba81b673b2c361a72f1815d"
url = "https://github.com/pre-commit/pre-commit/releases/download/v4.6.1/pre-commit-4.6.1.pyz"

[tools.pre-commit."platforms.macos-arm64"]
checksum = "sha256:6768cc8f4f810509b9272211c70ef7bb405c52da2ba81b673b2c361a72f1815d"
url = "https://github.com/pre-commit/pre-commit/releases/download/v4.6.1/pre-commit-4.6.1.pyz"

[tools.pre-commit."platforms.macos-x64"]
checksum = "sha256:6768cc8f4f810509b9272211c70ef7bb405c52da2ba81b673b2c361a72f1815d"
url = "https://github.com/pre-commit/pre-commit/releases/download/v4.6.1/pre-commit-4.6.1.pyz"

[[tools.regal]]
version = "0.41.1"
backend = "aqua:open-policy-agent/regal"

[tools.regal."platforms.linux-arm64"]
checksum = "sha256:225ddfa49fad51d923a4ea2dd53a94557d610b2fb55ae76f6203ca8c0f26b061"
url = "https://github.com/open-policy-agent/regal/releases/download/v0.41.1/regal_Linux_arm64"

[tools.regal."platforms.linux-arm64-musl"]
checksum = "sha256:225ddfa49fad51d923a4ea2dd53a94557d610b2fb55ae76f6203ca8c0f26b061"
url = "https://github.com/open-policy-agent/regal/releases/download/v0.41.1/regal_Linux_arm64"

[tools.regal."platforms.linux-x64"]
checksum = "sha256:6769dcd8e88bc5ba5ff4fac500e4a99d55b3eec3d1d0842833d84f6820a2a80f"
url = "https://github.com/open-policy-agent/regal/releases/download/v0.41.1/regal_Linux_x86_64"

[tools.regal."platforms.linux-x64-musl"]
checksum = "sha256:6769dcd8e88bc5ba5ff4fac500e4a99d55b3eec3d1d0842833d84f6820a2a80f"
url = "https://github.com/open-policy-agent/regal/releases/download/v0.41.1/regal_Linux_x86_64"

[tools.regal."platforms.macos-arm64"]
checksum = "sha256:3657a4637de8c304f7463e30e312ec8800d581485fa6f8d716c3f9cd58a4ec2b"
url = "https://github.com/open-policy-agent/regal/releases/download/v0.41.1/regal_Darwin_arm64"

[tools.regal."platforms.macos-x64"]
checksum = "sha256:ed57cff7569e0118e9f47d7e38ed9308c85c0e675d4e973294a3438ca0ff7932"
url = "https://github.com/open-policy-agent/regal/releases/download/v0.41.1/regal_Darwin_x86_64"

[tools.regal."platforms.windows-x64"]
checksum = "sha256:8c1a9597a7188d539536ef8ce30526373476c3e6e4e9a148d8c918f9142a7ffa"
url = "https://github.com/open-policy-agent/regal/releases/download/v0.41.1/regal_Windows_x86_64.exe"
